// !$*UTF8*$!
{
	archiveVersion = 1;
	classes = {
	};
	objectVersion = 56;
	objects = {

/* Begin PBXBuildFile section */
		4D50F1292C19B9C70050775A /* SimpleMenuApp.swift in Sources */ = {isa = PBXBuildFile; fileRef = 4D50F1282C19B9C70050775A /* SimpleMenuApp.swift */; };
		4D50F12B2C19B9C70050775A /* ContentView.swift in Sources */ = {isa = PBXBuildFile; fileRef = 4D50F12A2C19B9C70050775A /* ContentView.swift */; };
		4D50F12D2C19B9C80050775A /* Assets.xcassets in Resources */ = {isa = PBXBuildFile; fileRef = 4D50F12C2C19B9C80050775A /* Assets.xcassets */; };
		4D50F1302C19B9C80050775A /* Preview Assets.xcassets in Resources */ = {isa = PBXBuildFile; fileRef = 4D50F12F2C19B9C80050775A /* Preview Assets.xcassets */; };
		4D50F1382C1AD0E20050775A /* Helper.swift in Sources */ = {isa = PBXBuildFile; fileRef = 4D50F1372C1AD0E20050775A /* Helper.swift */; };
		4D50F13A2C1AD0E90050775A /* menu.json in Resources */ = {isa = PBXBuildFile; fileRef = 4D50F1392C1AD0E90050775A /* menu.json */; };
		4D50F13C2C1AD0EE0050775A /* Menu.swift in Sources */ = {isa = PBXBuildFile; fileRef = 4D50F13B2C1AD0EE0050775A /* Menu.swift */; };
		4D50F13E2C1AD0F40050775A /* Order.swift in Sources */ = {isa = PBXBuildFile; fileRef = 4D50F13D2C1AD0F40050775A /* Order.swift */; };
		4D50F1402C1B03E90050775A /* ItemRow.swift in Sources */ = {isa = PBXBuildFile; fileRef = 4D50F13F2C1B03E90050775A /* ItemRow.swift */; };
		4D50F1422C1B1E200050775A /* ItemDetail.swift in Sources */ = {isa = PBXBuildFile; fileRef = 4D50F1412C1B1E200050775A /* ItemDetail.swift */; };
		4D50F2AC2C2487C50050775A /* OrderView.swift in Sources */ = {isa = PBXBuildFile; fileRef = 4D50F2AB2C2487C50050775A /* OrderView.swift */; };
		4D50F2AE2C2489E00050775A /* MainView.swift in Sources */ = {isa = PBXBuildFile; fileRef = 4D50F2AD2C2489E00050775A /* MainView.swift */; };
		4DFACF702C294AC7007C5D2D /* CheckoutView.swift in Sources */ = {isa = PBXBuildFile; fileRef = 4DFACF6F2C294AC7007C5D2D /* CheckoutView.swift */; };
/* End PBXBuildFile section */

/* Begin PBXFileReference section */
		4D50F1252C19B9C70050775A /* SimpleMenu.app */ = {isa = PBXFileReference; explicitFileType = wrapper.application; includeInIndex = 0; path = SimpleMenu.app; sourceTree = BUILT_PRODUCTS_DIR; };
		4D50F1282C19B9C70050775A /* SimpleMenuApp.swift */ = {isa = PBXFileReference; lastKnownFileType = sourcecode.swift; path = SimpleMenuApp.swift; sourceTree = "<group>"; };
		4D50F12A2C19B9C70050775A /* ContentView.swift */ = {isa = PBXFileReference; lastKnownFileType = sourcecode.swift; path = ContentView.swift; sourceTree = "<group>"; };
		4D50F12C2C19B9C80050775A /* Assets.xcassets */ = {isa = PBXFileReference; lastKnownFileType = folder.assetcatalog; path = Assets.xcassets; sourceTree = "<group>"; };
		4D50F12F2C19B9C80050775A /* Preview Assets.xcassets */ = {isa = PBXFileReference; lastKnownFileType = folder.assetcatalog; path = "Preview Assets.xcassets"; sourceTree = "<group>"; };
		4D50F1372C1AD0E20050775A /* Helper.swift */ = {isa = PBXFileReference; fileEncoding = 4; lastKnownFileType = sourcecode.swift; name = Helper.swift; path = ../../../Downloads/idine/Helper.swift; sourceTree = "<group>"; };
		4D50F1392C1AD0E90050775A /* menu.json */ = {isa = PBXFileReference; fileEncoding = 4; lastKnownFileType = text.json; name = menu.json; path = ../../../Downloads/idine/menu.json; sourceTree = "<group>"; };
		4D50F13B2C1AD0EE0050775A /* Menu.swift */ = {isa = PBXFileReference; fileEncoding = 4; lastKnownFileType = sourcecode.swift; name = Menu.swift; path = ../../../Downloads/idine/Menu.swift; sourceTree = "<group>"; };
		4D50F13D2C1AD0F40050775A /* Order.swift */ = {isa = PBXFileReference; fileEncoding = 4; lastKnownFileType = sourcecode.swift; name = Order.swift; path = ../../../Downloads/idine/Order.swift; sourceTree = "<group>"; };
		4D50F13F2C1B03E90050775A /* ItemRow.swift */ = {isa = PBXFileReference; lastKnownFileType = sourcecode.swift; path = ItemRow.swift; sourceTree = "<group>"; };
		4D50F1412C1B1E200050775A /* ItemDetail.swift */ = {isa = PBXFileReference; lastKnownFileType = sourcecode.swift; path = ItemDetail.swift; sourceTree = "<group>"; };
		4D50F2AB2C2487C50050775A /* OrderView.swift */ = {isa = PBXFileReference; lastKnownFileType = sourcecode.swift; path = OrderView.swift; sourceTree = "<group>"; };
		4D50F2AD2C2489E00050775A /* MainView.swift */ = {isa = PBXFileReference; lastKnownFileType = sourcecode.swift; path = MainView.swift; sourceTree = "<group>"; };
		4DFACF6F2C294AC7007C5D2D /* CheckoutView.swift */ = {isa = PBXFileReference; lastKnownFileType = sourcecode.swift; path = CheckoutView.swift; sourceTree = "<group>"; };
/* End PBXFileReference section */

/* Begin PBXFrameworksBuildPhase section */
		4D50F1222C19B9C70050775A /* Frameworks */ = {
			isa = PBXFrameworksBuildPhase;
			buildActionMask = 2147483647;
			files = (
			);
			runOnlyForDeploymentPostprocessing = 0;
		};
/* End PBXFrameworksBuildPhase section */

/* Begin PBXGroup section */
		4D50F11C2C19B9C70050775A = {
			isa = PBXGroup;
			children = (
				4D50F1272C19B9C70050775A /* SimpleMenu */,
				4D50F1262C19B9C70050775A /* Products */,
			);
			sourceTree = "<group>";
		};
		4D50F1262C19B9C70050775A /* Products */ = {
			isa = PBXGroup;
			children = (
				4D50F1252C19B9C70050775A /* SimpleMenu.app */,
			);
			name = Products;
			sourceTree = "<group>";
		};
		4D50F1272C19B9C70050775A /* SimpleMenu */ = {
			isa = PBXGroup;
			children = (
				4D50F1282C19B9C70050775A /* SimpleMenuApp.swift */,
				4D50F12A2C19B9C70050775A /* ContentView.swift */,
				4D50F2AD2C2489E00050775A /* MainView.swift */,
				4D50F1412C1B1E200050775A /* ItemDetail.swift */,
				4D50F2AB2C2487C50050775A /* OrderView.swift */,
				4DFACF6F2C294AC7007C5D2D /* CheckoutView.swift */,
				4D50F13F2C1B03E90050775A /* ItemRow.swift */,
				4D50F1372C1AD0E20050775A /* Helper.swift */,
				4D50F13B2C1AD0EE0050775A /* Menu.swift */,
				4D50F13D2C1AD0F40050775A /* Order.swift */,
				4D50F1392C1AD0E90050775A /* menu.json */,
				4D50F12C2C19B9C80050775A /* Assets.xcassets */,
				4D50F12E2C19B9C80050775A /* Preview Content */,
			);
			path = SimpleMenu;
			sourceTree = "<group>";
		};
		4D50F12E2C19B9C80050775A /* Preview Content */ = {
			isa = PBXGroup;
			children = (
				4D50F12F2C19B9C80050775A /* Preview Assets.xcassets */,
			);
			path = "Preview Content";
			sourceTree = "<group>";
		};
/* End PBXGroup section */

/* Begin PBXNativeTarget section */
		4D50F1242C19B9C70050775A /* SimpleMenu */ = {
			isa = PBXNativeTarget;
			buildConfigurationList = 4D50F1332C19B9C80050775A /* Build configuration list for PBXNativeTarget "SimpleMenu" */;
			buildPhases = (
				4D50F1212C19B9C70050775A /* Sources */,
				4D50F1222C19B9C70050775A /* Frameworks */,
				4D50F1232C19B9C70050775A /* Resources */,
			);
			buildRules = (
			);
			dependencies = (
			);
			name = SimpleMenu;
			productName = SimpleMenu;
			productReference = 4D50F1252C19B9C70050775A /* SimpleMenu.app */;
			productType = "com.apple.product-type.application";
		};
/* End PBXNativeTarget section */

/* Begin PBXProject section */
		4D50F11D2C19B9C70050775A /* Project object */ = {
			isa = PBXProject;
			attributes = {
				BuildIndependentTargetsInParallel = 1;
				LastSwiftUpdateCheck = 1500;
				LastUpgradeCheck = 1500;
				TargetAttributes = {
					4D50F1242C19B9C70050775A = {
						CreatedOnToolsVersion = 15.0;
					};
				};
			};
			buildConfigurationList = 4D50F1202C19B9C70050775A /* Build configuration list for PBXProject "SimpleMenu" */;
			compatibilityVersion = "Xcode 14.0";
			developmentRegion = en;
			hasScannedForEncodings = 0;
			knownRegions = (
				en,
				Base,
			);
			mainGroup = 4D50F11C2C19B9C70050775A;
			productRefGroup = 4D50F1262C19B9C70050775A /* Products */;
			projectDirPath = "";
			projectRoot = "";
			targets = (
				4D50F1242C19B9C70050775A /* SimpleMenu */,
			);
		};
/* End PBXProject section */

/* Begin PBXResourcesBuildPhase section */
		4D50F1232C19B9C70050775A /* Resources */ = {
			isa = PBXResourcesBuildPhase;
			buildActionMask = 2147483647;
			files = (
				4D50F13A2C1AD0E90050775A /* menu.json in Resources */,
				4D50F1302C19B9C80050775A /* Preview Assets.xcassets in Resources */,
				4D50F12D2C19B9C80050775A /* Assets.xcassets in Resources */,
			);
			runOnlyForDeploymentPostprocessing = 0;
		};
/* End PBXResourcesBuildPhase section */

/* Begin PBXSourcesBuildPhase section */
		4D50F1212C19B9C70050775A /* Sources */ = {
			isa = PBXSourcesBuildPhase;
			buildActionMask = 2147483647;
			files = (
				4D50F1422C1B1E200050775A /* ItemDetail.swift in Sources */,
				4D50F2AE2C2489E00050775A /* MainView.swift in Sources */,
				4DFACF702C294AC7007C5D2D /* CheckoutView.swift in Sources */,
				4D50F2AC2C2487C50050775A /* OrderView.swift in Sources */,
				4D50F12B2C19B9C70050775A /* ContentView.swift in Sources */,
				4D50F1292C19B9C70050775A /* SimpleMenuApp.swift in Sources */,
				4D50F13E2C1AD0F40050775A /* Order.swift in Sources */,
				4D50F1402C1B03E90050775A /* ItemRow.swift in Sources */,
				4D50F13C2C1AD0EE0050775A /* Menu.swift in Sources */,
				4D50F1382C1AD0E20050775A /* Helper.swift in Sources */,
			);
			runOnlyForDeploymentPostprocessing = 0;
		};
/* End PBXSourcesBuildPhase section */

/* Begin XCBuildConfiguration section */
		4D50F1312C19B9C80050775A /* Debug */ = {
			isa = XCBuildConfiguration;
			buildSettings = {
				ALWAYS_SEARCH_USER_PATHS = NO;
				ASSETCATALOG_COMPILER_GENERATE_SWIFT_ASSET_SYMBOL_EXTENSIONS = YES;
				CLANG_ANALYZER_NONNULL = YES;
				CLANG_ANALYZER_NUMBER_OBJECT_CONVERSION = YES_AGGRESSIVE;
				CLANG_CXX_LANGUAGE_STANDARD = "gnu++20";
				CLANG_ENABLE_MODULES = YES;
				CLANG_ENABLE_OBJC_ARC = YES;
				CLANG_ENABLE_OBJC_WEAK = YES;
				CLANG_WARN_BLOCK_CAPTURE_AUTORELEASING = YES;
				CLANG_WARN_BOOL_CONVERSION = YES;
				CLANG_WARN_COMMA = YES;
				CLANG_WARN_CONSTANT_CONVERSION = YES;
				CLANG_WARN_DEPRECATED_OBJC_IMPLEMENTATIONS = YES;
				CLANG_WARN_DIRECT_OBJC_ISA_USAGE = YES_ERROR;
				CLANG_WARN_DOCUMENTATION_COMMENTS = YES;
				CLANG_WARN_EMPTY_BODY = YES;
				CLANG_WARN_ENUM_CONVERSION = YES;
				CLANG_WARN_INFINITE_RECURSION = YES;
				CLANG_WARN_INT_CONVERSION = YES;
				CLANG_WARN_NON_LITERAL_NULL_CONVERSION = YES;
				CLANG_WARN_OBJC_IMPLICIT_RETAIN_SELF = YES;
				CLANG_WARN_OBJC_LITERAL_CONVERSION = YES;
				CLANG_WARN_OBJC_ROOT_CLASS = YES_ERROR;
				CLANG_WARN_QUOTED_INCLUDE_IN_FRAMEWORK_HEADER = YES;
				CLANG_WARN_RANGE_LOOP_ANALYSIS = YES;
				CLANG_WARN_STRICT_PROTOTYPES = YES;
				CLANG_WARN_SUSPICIOUS_MOVE = YES;
				CLANG_WARN_UNGUARDED_AVAILABILITY = YES_AGGRESSIVE;
				CLANG_WARN_UNREACHABLE_CODE = YES;
				CLANG_WARN__DUPLICATE_METHOD_MATCH = YES;
				COPY_PHASE_STRIP = NO;
				DEBUG_INFORMATION_FORMAT = dwarf;
				ENABLE_STRICT_OBJC_MSGSEND = YES;
				ENABLE_TESTABILITY = YES;
				ENABLE_USER_SCRIPT_SANDBOXING = YES;
				GCC_C_LANGUAGE_STANDARD = gnu17;
				GCC_DYNAMIC_NO_PIC = NO;
				GCC_NO_COMMON_BLOCKS = YES;
				GCC_OPTIMIZATION_LEVEL = 0;
				GCC_PREPROCESSOR_DEFINITIONS = (
					"DEBUG=1",
					"$(inherited)",
				);
				GCC_WARN_64_TO_32_BIT_CONVERSION = YES;
				GCC_WARN_ABOUT_RETURN_TYPE = YES_ERROR;
				GCC_WARN_UNDECLARED_SELECTOR = YES;
				GCC_WARN_UNINITIALIZED_AUTOS = YES_AGGRESSIVE;
				GCC_WARN_UNUSED_FUNCTION = YES;
				GCC_WARN_UNUSED_VARIABLE = YES;
				IPHONEOS_DEPLOYMENT_TARGET = 17.0;
				LOCALIZATION_PREFERS_STRING_CATALOGS = YES;
				MTL_ENABLE_DEBUG_INFO = INCLUDE_SOURCE;
				MTL_FAST_MATH = YES;
				ONLY_ACTIVE_ARCH = YES;
				SDKROOT = iphoneos;
				SWIFT_ACTIVE_COMPILATION_CONDITIONS = "DEBUG $(inherited)";
				SWIFT_OPTIMIZATION_LEVEL = "-Onone";
			};
			name = Debug;
		};
		4D50F1322C19B9C80050775A /* Release */ = {
			isa = XCBuildConfiguration;
			buildSettings = {
				ALWAYS_SEARCH_USER_PATHS = NO;
				ASSETCATALOG_COMPILER_GENERATE_SWIFT_ASSET_SYMBOL_EXTENSIONS = YES;
				CLANG_ANALYZER_NONNULL = YES;
				CLANG_ANALYZER_NUMBER_OBJECT_CONVERSION = YES_AGGRESSIVE;
				CLANG_CXX_LANGUAGE_STANDARD = "gnu++20";
				CLANG_ENABLE_MODULES = YES;
				CLANG_ENABLE_OBJC_ARC = YES;
				CLANG_ENABLE_OBJC_WEAK = YES;
				CLANG_WARN_BLOCK_CAPTURE_AUTORELEASING = YES;
				CLANG_WARN_BOOL_CONVERSION = YES;
				CLANG_WARN_COMMA = YES;
				CLANG_WARN_CONSTANT_CONVERSION = YES;
				CLANG_WARN_DEPRECATED_OBJC_IMPLEMENTATIONS = YES;
				CLANG_WARN_DIRECT_OBJC_ISA_USAGE = YES_ERROR;
				CLANG_WARN_DOCUMENTATION_COMMENTS = YES;
				CLANG_WARN_EMPTY_BODY = YES;
				CLANG_WARN_ENUM_CONVERSION = YES;
				CLANG_WARN_INFINITE_RECURSION = YES;
				CLANG_WARN_INT_CONVERSION = YES;
				CLANG_WARN_NON_LITERAL_NULL_CONVERSION = YES;
				CLANG_WARN_OBJC_IMPLICIT_RETAIN_SELF = YES;
				CLANG_WARN_OBJC_LITERAL_CONVERSION = YES;
				CLANG_WARN_OBJC_ROOT_CLASS = YES_ERROR;
				CLANG_WARN_QUOTED_INCLUDE_IN_FRAMEWORK_HEADER = YES;
				CLANG_WARN_RANGE_LOOP_ANALYSIS = YES;
				CLANG_WARN_STRICT_PROTOTYPES = YES;
				CLANG_WARN_SUSPICIOUS_MOVE = YES;
				CLANG_WARN_UNGUARDED_AVAILABILITY = YES_AGGRESSIVE;
				CLANG_WARN_UNREACHABLE_CODE = YES;
				CLANG_WARN__DUPLICATE_METHOD_MATCH = YES;
				COPY_PHASE_STRIP = NO;
				DEBUG_INFORMATION_FORMAT = "dwarf-with-dsym";
				ENABLE_NS_ASSERTIONS = NO;
				ENABLE_STRICT_OBJC_MSGSEND = YES;
				ENABLE_USER_SCRIPT_SANDBOXING = YES;
				GCC_C_LANGUAGE_STANDARD = gnu17;
				GCC_NO_COMMON_BLOCKS = YES;
				GCC_WARN_64_TO_32_BIT_CONVERSION = YES;
				GCC_WARN_ABOUT_RETURN_TYPE = YES_ERROR;
				GCC_WARN_UNDECLARED_SELECTOR = YES;
				GCC_WARN_UNINITIALIZED_AUTOS = YES_AGGRESSIVE;
				GCC_WARN_UNUSED_FUNCTION = YES;
				GCC_WARN_UNUSED_VARIABLE = YES;
				IPHONEOS_DEPLOYMENT_TARGET = 17.0;
				LOCALIZATION_PREFERS_STRING_CATALOGS = YES;
				MTL_ENABLE_DEBUG_INFO = NO;
				MTL_FAST_MATH = YES;
				SDKROOT = iphoneos;
				SWIFT_COMPILATION_MODE = wholemodule;
				VALIDATE_PRODUCT = YES;
			};
			name = Release;
		};
		4D50F1342C19B9C80050775A /* Debug */ = {
			isa = XCBuildConfiguration;
			buildSettings = {
				ASSETCATALOG_COMPILER_APPICON_NAME = AppIcon;
				ASSETCATALOG_COMPILER_GLOBAL_ACCENT_COLOR_NAME = AccentColor;
				CODE_SIGN_STYLE = Automatic;
				CURRENT_PROJECT_VERSION = 1;
				DEVELOPMENT_ASSET_PATHS = "\"SimpleMenu/Preview Content\"";
				DEVELOPMENT_TEAM = F9Z6ZJTZZ4;
				ENABLE_PREVIEWS = YES;
				GENERATE_INFOPLIST_FILE = YES;
				INFOPLIST_KEY_UIApplicationSceneManifest_Generation = YES;
				INFOPLIST_KEY_UIApplicationSupportsIndirectInputEvents = YES;
				INFOPLIST_KEY_UILaunchScreen_Generation = YES;
				INFOPLIST_KEY_UISupportedInterfaceOrientations_iPad = "UIInterfaceOrientationPortrait UIInterfaceOrientationPortraitUpsideDown UIInterfaceOrientationLandscapeLeft UIInterfaceOrientationLandscapeRight";
				INFOPLIST_KEY_UISupportedInterfaceOrientations_iPhone = "UIInterfaceOrientationPortrait UIInterfaceOrientationLandscapeLeft UIInterfaceOrientationLandscapeRight";
				LD_RUNPATH_SEARCH_PATHS = (
					"$(inherited)",
					"@executable_path/Frameworks",
				);
				MARKETING_VERSION = 1.0;
				PRODUCT_BUNDLE_IDENTIFIER = com.melikesoygullucu.SimpleMenu;
				PRODUCT_NAME = "$(TARGET_NAME)";
				SWIFT_EMIT_LOC_STRINGS = YES;
				SWIFT_VERSION = 5.0;
				TARGETED_DEVICE_FAMILY = "1,2";
			};
			name = Debug;
		};
		4D50F1352C19B9C80050775A /* Release */ = {
			isa = XCBuildConfiguration;
			buildSettings = {
				ASSETCATALOG_COMPILER_APPICON_NAME = AppIcon;
				ASSETCATALOG_COMPILER_GLOBAL_ACCENT_COLOR_NAME = AccentColor;
				CODE_SIGN_STYLE = Automatic;
				CURRENT_PROJECT_VERSION = 1;
				DEVELOPMENT_ASSET_PATHS = "\"SimpleMenu/Preview Content\"";
				DEVELOPMENT_TEAM = F9Z6ZJTZZ4;
				ENABLE_PREVIEWS = YES;
				GENERATE_INFOPLIST_FILE = YES;
				INFOPLIST_KEY_UIApplicationSceneManifest_Generation = YES;
				INFOPLIST_KEY_UIApplicationSupportsIndirectInputEvents = YES;
				INFOPLIST_KEY_UILaunchScreen_Generation = YES;
				INFOPLIST_KEY_UISupportedInterfaceOrientations_iPad = "UIInterfaceOrientationPortrait UIInterfaceOrientationPortraitUpsideDown UIInterfaceOrientationLandscapeLeft UIInterfaceOrientationLandscapeRight";
				INFOPLIST_KEY_UISupportedInterfaceOrientations_iPhone = "UIInterfaceOrientationPortrait UIInterfaceOrientationLandscapeLeft UIInterfaceOrientationLandscapeRight";
				LD_RUNPATH_SEARCH_PATHS = (
					"$(inherited)",
					"@executable_path/Frameworks",
				);
				MARKETING_VERSION = 1.0;
				PRODUCT_BUNDLE_IDENTIFIER = com.melikesoygullucu.SimpleMenu;
				PRODUCT_NAME = "$(TARGET_NAME)";
				SWIFT_EMIT_LOC_STRINGS = YES;
				SWIFT_VERSION = 5.0;
				TARGETED_DEVICE_FAMILY = "1,2";
			};
			name = Release;
		};
/* End XCBuildConfiguration section */

/* Begin XCConfigurationList section */
		4D50F1202C19B9C70050775A /* Build configuration list for PBXProject "SimpleMenu" */ = {
			isa = XCConfigurationList;
			buildConfigurations = (
				4D50F1312C19B9C80050775A /* Debug */,
				4D50F1322C19B9C80050775A /* Release */,
			);
			defaultConfigurationIsVisible = 0;
			defaultConfigurationName = Release;
		};
		4D50F1332C19B9C80050775A /* Build configuration list for PBXNativeTarget "SimpleMenu" */ = {
			isa = XCConfigurationList;
			buildConfigurations = (
				4D50F1342C19B9C80050775A /* Debug */,
				4D50F1352C19B9C80050775A /* Release */,
			);
			defaultConfigurationIsVisible = 0;
			defaultConfigurationName = Release;
		};
/* End XCConfigurationList section */
	};
	rootObject = 4D50F11D2C19B9C70050775A /* Project object */;
}
